# This file is automatically @generated by Cargo.
# It is not intended for manual editing.
version = 3

[[package]]
name = "ipfix"
version = "0.1.1"
source = "registry+https://github.com/rust-lang/crates.io-index"
checksum = "eec14e601f7a267061ae1efed4b7e9ccb178296cb92c6454707e8d312320ecdb"
dependencies = [
 "nom",
]

[[package]]
name = "nom"
version = "2.2.1"
source = "registry+https://github.com/rust-lang/crates.io-index"
checksum = "cf51a729ecf40266a2368ad335a5fdde43471f545a967109cd62146ecf8b66ff"

[[package]]
name = "rust-ipfix"
version = "0.1.0"
dependencies = [
 "ipfix",
]
